{
  "name": "vmpx",
  "version": "0.1.0",
  "lockfileVersion": 3,
  "requires": true,
  "packages": {
    "": {
      "name": "vmpx",
      "version": "0.1.0",
      "license": "MIT",
      "dependencies": {
        "@openzeppelin/contracts": "^4.7.3"
      },
      "devDependencies": {
        "@ethersproject/providers": "^5.7.2",
        "@truffle/hdwallet-provider": "^2.0.15",
        "dotenv": "^16.0.3",
        "ethers": "^5.7.2",
        "@truffle/hdwallet-provider": "^2.0.15",
        "dotenv": "^16.0.3",
        "ethers": "^5.7.2",
        "ganache-time-traveler": "^1.0.16",
        "husky": "^8.0.1",
        "lint-staged": "^13.0.3",
